version = 1
revision = 3
requires-python = ">=3.10"

[[package]]
name = "deno"
version = "2.6.8"
source = { registry = "https://pypi.org/simple" }
sdist = { url = "https://files.pythonhosted.org/packages/c2/5c/ba3171b42741d1ede4517f73b2a13f07a1828b5a616b086111a01821b0ce/deno-2.6.8.tar.gz", hash = "sha256:dd9e432c67f3d2f1a110d898612dccd7efc51a9486f8466a5fc482b8212d8e19", size = 8129, upload-time = "2026-02-02T18:06:29.122Z" }
wheels = [
    { url = "https://files.pythonhosted.org/packages/56/9a/43c7bb102fe58b1318abe00b557c3dfa2f9a9d79f0cd3d9028b6bf8b9637/deno-2.6.8-py3-none-macosx_10_12_x86_64.whl", hash = "sha256:078ef3d2a30bcaba91e246f730baddebf1e0e5249adfbfa1b0e169118a41faa5", size = 44303226, upload-time = "2026-02-02T18:06:13.277Z" },
    { url = "https://files.pythonhosted.org/packages/6b/65/fc7c99a0f60fe617eb5a533e37a1cd777f81c03b06b6766d0f52c92e94a8/deno-2.6.8-py3-none-macosx_11_0_arm64.whl", hash = "sha256:0c18549037ef7bc856cf3889df424f43810a0b830c0ffc799d8d951a4da5a033", size = 41472003, upload-time = "2026-02-02T18:06:16.735Z" },
    { url = "https://files.pythonhosted.org/packages/da/4b/617ba0f2e8523c2145e612f4ef610afa231186ba1a860ce2c92c382c3e46/deno-2.6.8-py3-none-manylinux_2_27_aarch64.whl", hash = "sha256:332e33ca62bd416cea002a1e50af1c2843d84771e015bfffecdc0d44342eb0eb", size = 45335676, upload-time = "2026-02-02T18:06:19.975Z" },
    { url = "https://files.pythonhosted.org/packages/c4/18/5b0af1fb4f52775b58fae4b6a7f0e12f45cf1435e63a0f6af1a8a87d3595/deno-2.6.8-py3-none-manylinux_2_27_x86_64.whl", hash = "sha256:2c31bda6da38f9130ef796a9298642b2ca5525420033c74c8b6bbac9d1ab35b0", size = 47240835, upload-time = "2026-02-02T18:06:22.715Z" },
    { url = "https://files.pythonhosted.org/packages/a6/e8/defc9de7c0991bfb3c6d3e2a6a5d344fd0022ebe114743af483ff718609b/deno-2.6.8-py3-none-win_amd64.whl", hash = "sha256:dc7d517d8cd0cf43d55e3c8dbd2bbd911dc875cfc116982d882c9aa22f48863f", size = 46136023, upload-time = "2026-02-02T18:06:26.665Z" },
]

[[package]]
name = "redos-linter"
version = "0.1.0"
source = { editable = "." }
dependencies = [
    { name = "deno" },
]

[package.metadata]
requires-dist = [{ name = "deno", specifier = ">=2.6.8" }]
